// !$*UTF8*$!
{
	archiveVersion = 1;
	classes = {
	};
	objectVersion = 77;
	objects = {

/* Begin PBXContainerItemProxy section */
		72451F0A2D106FA2001E18CF /* PBXContainerItemProxy */ = {
			isa = PBXContainerItemProxy;
			containerPortal = 72451EF12D106FA0001E18CF /* Project object */;
			proxyType = 1;
			remoteGlobalIDString = 72451EF82D106FA0001E18CF;
			remoteInfo = Sample_my.app;
		};
		72451F142D106FA2001E18CF /* PBXContainerItemProxy */ = {
			isa = PBXContainerItemProxy;
			containerPortal = 72451EF12D106FA0001E18CF /* Project object */;
			proxyType = 1;
			remoteGlobalIDString = 72451EF82D106FA0001E18CF;
			remoteInfo = Sample_my.app;
		};
/* End PBXContainerItemProxy section */

/* Begin PBXFileReference section */
		72451EF92D106FA0001E18CF /* Sample_my.app.app */ = {isa = PBXFileReference; explicitFileType = wrapper.application; includeInIndex = 0; path = Sample_my.app.app; sourceTree = BUILT_PRODUCTS_DIR; };
		72451F092D106FA2001E18CF /* Sample_my.appTests.xctest */ = {isa = PBXFileReference; explicitFileType = wrapper.cfbundle; includeInIndex = 0; path = Sample_my.appTests.xctest; sourceTree = BUILT_PRODUCTS_DIR; };
		72451F132D106FA2001E18CF /* Sample_my.appUITests.xctest */ = {isa = PBXFileReference; explicitFileType = wrapper.cfbundle; includeInIndex = 0; path = Sample_my.appUITests.xctest; sourceTree = BUILT_PRODUCTS_DIR; };
/* End PBXFileReference section */

/* Begin PBXFileSystemSynchronizedRootGroup section */
		72451EFB2D106FA0001E18CF /* Sample_my.app */ = {
			isa = PBXFileSystemSynchronizedRootGroup;
			path = Sample_my.app;
			sourceTree = "<group>";
		};
		72451F0C2D106FA2001E18CF /* Sample_my.appTests */ = {
			isa = PBXFileSystemSynchronizedRootGroup;
			path = Sample_my.appTests;
			sourceTree = "<group>";
		};
		72451F162D106FA2001E18CF /* Sample_my.appUITests */ = {
			isa = PBXFileSystemSynchronizedRootGroup;
			path = Sample_my.appUITests;
			sourceTree = "<group>";
		};
/* End PBXFileSystemSynchronizedRootGroup section */

/* Begin PBXFrameworksBuildPhase section */
		72451EF62D106FA0001E18CF /* Frameworks */ = {
			isa = PBXFrameworksBuildPhase;
			buildActionMask = 2147483647;
			files = (
			);
			runOnlyForDeploymentPostprocessing = 0;
		};
		72451F062D106FA2001E18CF /* Frameworks */ = {
			isa = PBXFrameworksBuildPhase;
			buildActionMask = 2147483647;
			files = (
			);
			runOnlyForDeploymentPostprocessing = 0;
		};
		72451F102D106FA2001E18CF /* Frameworks */ = {
			isa = PBXFrameworksBuildPhase;
			buildActionMask = 2147483647;
			files = (
			);
			runOnlyForDeploymentPostprocessing = 0;
		};
/* End PBXFrameworksBuildPhase section */

/* Begin PBXGroup section */
		72451EF02D106FA0001E18CF = {
			isa = PBXGroup;
			children = (
				72451EFB2D106FA0001E18CF /* Sample_my.app */,
				72451F0C2D106FA2001E18CF /* Sample_my.appTests */,
				72451F162D106FA2001E18CF /* Sample_my.appUITests */,
				72451EFA2D106FA0001E18CF /* Products */,
			);
			sourceTree = "<group>";
		};
		72451EFA2D106FA0001E18CF /* Products */ = {
			isa = PBXGroup;
			children = (
				72451EF92D106FA0001E18CF /* Sample_my.app.app */,
				72451F092D106FA2001E18CF /* Sample_my.appTests.xctest */,
				72451F132D106FA2001E18CF /* Sample_my.appUITests.xctest */,
			);
			name = Products;
			sourceTree = "<group>";
		};
/* End PBXGroup section */

/* Begin PBXNativeTarget section */
		72451EF82D106FA0001E18CF /* Sample_my.app */ = {
			isa = PBXNativeTarget;
			buildConfigurationList = 72451F1D2D106FA2001E18CF /* Build configuration list for PBXNativeTarget "Sample_my.app" */;
			buildPhases = (
				72451EF52D106FA0001E18CF /* Sources */,
				72451EF62D106FA0001E18CF /* Frameworks */,
				72451EF72D106FA0001E18CF /* Resources */,
			);
			buildRules = (
			);
			dependencies = (
			);
			fileSystemSynchronizedGroups = (
				72451EFB2D106FA0001E18CF /* Sample_my.app */,
			);
			name = Sample_my.app;
			packageProductDependencies = (
			);
			productName = Sample_my.app;
			productReference = 72451EF92D106FA0001E18CF /* Sample_my.app.app */;
			productType = "com.apple.product-type.application";
		};
		72451F082D106FA2001E18CF /* Sample_my.appTests */ = {
			isa = PBXNativeTarget;
			buildConfigurationList = 72451F202D106FA2001E18CF /* Build configuration list for PBXNativeTarget "Sample_my.appTests" */;
			buildPhases = (
				72451F052D106FA2001E18CF /* Sources */,
				72451F062D106FA2001E18CF /* Frameworks */,
				72451F072D106FA2001E18CF /* Resources */,
			);
			buildRules = (
			);
			dependencies = (
				72451F0B2D106FA2001E18CF /* PBXTargetDependency */,
			);
			fileSystemSynchronizedGroups = (
				72451F0C2D106FA2001E18CF /* Sample_my.appTests */,
			);
			name = Sample_my.appTests;
			packageProductDependencies = (
			);
			productName = Sample_my.appTests;
			productReference = 72451F092D106FA2001E18CF /* Sample_my.appTests.xctest */;
			productType = "com.apple.product-type.bundle.unit-test";
		};
		72451F122D106FA2001E18CF /* Sample_my.appUITests */ = {
			isa = PBXNativeTarget;
			buildConfigurationList = 72451F232D106FA2001E18CF /* Build configuration list for PBXNativeTarget "Sample_my.appUITests" */;
			buildPhases = (
				72451F0F2D106FA2001E18CF /* Sources */,
				72451F102D106FA2001E18CF /* Frameworks */,
				72451F112D106FA2001E18CF /* Resources */,
			);
			buildRules = (
			);
			dependencies = (
				72451F152D106FA2001E18CF /* PBXTargetDependency */,
			);
			fileSystemSynchronizedGroups = (
				72451F162D106FA2001E18CF /* Sample_my.appUITests */,
			);
			name = Sample_my.appUITests;
			packageProductDependencies = (
			);
			productName = Sample_my.appUITests;
			productReference = 72451F132D106FA2001E18CF /* Sample_my.appUITests.xctest */;
			productType = "com.apple.product-type.bundle.ui-testing";
		};
/* End PBXNativeTarget section */

/* Begin PBXProject section */
		72451EF12D106FA0001E18CF /* Project object */ = {
			isa = PBXProject;
			attributes = {
				BuildIndependentTargetsInParallel = 1;
				LastSwiftUpdateCheck = 1620;
				LastUpgradeCheck = 1620;
				TargetAttributes = {
					72451EF82D106FA0001E18CF = {
						CreatedOnToolsVersion = 16.2;
					};
					72451F082D106FA2001E18CF = {
						CreatedOnToolsVersion = 16.2;
						TestTargetID = 72451EF82D106FA0001E18CF;
					};
					72451F122D106FA2001E18CF = {
						CreatedOnToolsVersion = 16.2;
						TestTargetID = 72451EF82D106FA0001E18CF;
					};
				};
			};
			buildConfigurationList = 72451EF42D106FA0001E18CF /* Build configuration list for PBXProject "Sample_my.app" */;
			developmentRegion = en;
			hasScannedForEncodings = 0;
			knownRegions = (
				en,
				Base,
			);
			mainGroup = 72451EF02D106FA0001E18CF;
			minimizedProjectReferenceProxies = 1;
			preferredProjectObjectVersion = 77;
			productRefGroup = 72451EFA2D106FA0001E18CF /* Products */;
			projectDirPath = "";
			projectRoot = "";
			targets = (
				72451EF82D106FA0001E18CF /* Sample_my.app */,
				72451F082D106FA2001E18CF /* Sample_my.appTests */,
				72451F122D106FA2001E18CF /* Sample_my.appUITests */,
			);
		};
/* End PBXProject section */

/* Begin PBXResourcesBuildPhase section */
		72451EF72D106FA0001E18CF /* Resources */ = {
			isa = PBXResourcesBuildPhase;
			buildActionMask = 2147483647;
			files = (
			);
			runOnlyForDeploymentPostprocessing = 0;
		};
		72451F072D106FA2001E18CF /* Resources */ = {
			isa = PBXResourcesBuildPhase;
			buildActionMask = 2147483647;
			files = (
			);
			runOnlyForDeploymentPostprocessing = 0;
		};
		72451F112D106FA2001E18CF /* Resources */ = {
			isa = PBXResourcesBuildPhase;
			buildActionMask = 2147483647;
			files = (
			);
			runOnlyForDeploymentPostprocessing = 0;
		};
/* End PBXResourcesBuildPhase section */

/* Begin PBXSourcesBuildPhase section */
		72451EF52D106FA0001E18CF /* Sources */ = {
			isa = PBXSourcesBuildPhase;
			buildActionMask = 2147483647;
			files = (
			);
			runOnlyForDeploymentPostprocessing = 0;
		};
		72451F052D106FA2001E18CF /* Sources */ = {
			isa = PBXSourcesBuildPhase;
			buildActionMask = 2147483647;
			files = (
			);
			runOnlyForDeploymentPostprocessing = 0;
		};
		72451F0F2D106FA2001E18CF /* Sources */ = {
			isa = PBXSourcesBuildPhase;
			buildActionMask = 2147483647;
			files = (
			);
			runOnlyForDeploymentPostprocessing = 0;
		};
/* End PBXSourcesBuildPhase section */

/* Begin PBXTargetDependency section */
		72451F0B2D106FA2001E18CF /* PBXTargetDependency */ = {
			isa = PBXTargetDependency;
			target = 72451EF82D106FA0001E18CF /* Sample_my.app */;
			targetProxy = 72451F0A2D106FA2001E18CF /* PBXContainerItemProxy */;
		};
		72451F152D106FA2001E18CF /* PBXTargetDependency */ = {
			isa = PBXTargetDependency;
			target = 72451EF82D106FA0001E18CF /* Sample_my.app */;
			targetProxy = 72451F142D106FA2001E18CF /* PBXContainerItemProxy */;
		};
/* End PBXTargetDependency section */

/* Begin XCBuildConfiguration section */
		72451F1B2D106FA2001E18CF /* Debug */ = {
			isa = XCBuildConfiguration;
			buildSettings = {
				ALWAYS_SEARCH_USER_PATHS = NO;
				ASSETCATALOG_COMPILER_GENERATE_SWIFT_ASSET_SYMBOL_EXTENSIONS = YES;
				CLANG_ANALYZER_NONNULL = YES;
				CLANG_ANALYZER_NUMBER_OBJECT_CONVERSION = YES_AGGRESSIVE;
				CLANG_CXX_LANGUAGE_STANDARD = "gnu++20";
				CLANG_ENABLE_MODULES = YES;
				CLANG_ENABLE_OBJC_ARC = YES;
				CLANG_ENABLE_OBJC_WEAK = YES;
				CLANG_WARN_BLOCK_CAPTURE_AUTORELEASING = YES;
				CLANG_WARN_BOOL_CONVERSION = YES;
				CLANG_WARN_COMMA = YES;
				CLANG_WARN_CONSTANT_CONVERSION = YES;
				CLANG_WARN_DEPRECATED_OBJC_IMPLEMENTATIONS = YES;
				CLANG_WARN_DIRECT_OBJC_ISA_USAGE = YES_ERROR;
				CLANG_WARN_DOCUMENTATION_COMMENTS = YES;
				CLANG_WARN_EMPTY_BODY = YES;
				CLANG_WARN_ENUM_CONVERSION = YES;
				CLANG_WARN_INFINITE_RECURSION = YES;
				CLANG_WARN_INT_CONVERSION = YES;
				CLANG_WARN_NON_LITERAL_NULL_CONVERSION = YES;
				CLANG_WARN_OBJC_IMPLICIT_RETAIN_SELF = YES;
				CLANG_WARN_OBJC_LITERAL_CONVERSION = YES;
				CLANG_WARN_OBJC_ROOT_CLASS = YES_ERROR;
				CLANG_WARN_QUOTED_INCLUDE_IN_FRAMEWORK_HEADER = YES;
				CLANG_WARN_RANGE_LOOP_ANALYSIS = YES;
				CLANG_WARN_STRICT_PROTOTYPES = YES;
				CLANG_WARN_SUSPICIOUS_MOVE = YES;
				CLANG_WARN_UNGUARDED_AVAILABILITY = YES_AGGRESSIVE;
				CLANG_WARN_UNREACHABLE_CODE = YES;
				CLANG_WARN__DUPLICATE_METHOD_MATCH = YES;
				COPY_PHASE_STRIP = NO;
				DEBUG_INFORMATION_FORMAT = dwarf;
				ENABLE_STRICT_OBJC_MSGSEND = YES;
				ENABLE_TESTABILITY = YES;
				ENABLE_USER_SCRIPT_SANDBOXING = YES;
				GCC_C_LANGUAGE_STANDARD = gnu17;
				GCC_DYNAMIC_NO_PIC = NO;
				GCC_NO_COMMON_BLOCKS = YES;
				GCC_OPTIMIZATION_LEVEL = 0;
				GCC_PREPROCESSOR_DEFINITIONS = (
					"DEBUG=1",
					"$(inherited)",
				);
				GCC_WARN_64_TO_32_BIT_CONVERSION = YES;
				GCC_WARN_ABOUT_RETURN_TYPE = YES_ERROR;
				GCC_WARN_UNDECLARED_SELECTOR = YES;
				GCC_WARN_UNINITIALIZED_AUTOS = YES_AGGRESSIVE;
				GCC_WARN_UNUSED_FUNCTION = YES;
				GCC_WARN_UNUSED_VARIABLE = YES;
				IPHONEOS_DEPLOYMENT_TARGET = 18.2;
				LOCALIZATION_PREFERS_STRING_CATALOGS = YES;
				MTL_ENABLE_DEBUG_INFO = INCLUDE_SOURCE;
				MTL_FAST_MATH = YES;
				ONLY_ACTIVE_ARCH = YES;
				SDKROOT = iphoneos;
				SWIFT_ACTIVE_COMPILATION_CONDITIONS = "DEBUG $(inherited)";
				SWIFT_OPTIMIZATION_LEVEL = "-Onone";
			};
			name = Debug;
		};
		72451F1C2D106FA2001E18CF /* Release */ = {
			isa = XCBuildConfiguration;
			buildSettings = {
				ALWAYS_SEARCH_USER_PATHS = NO;
				ASSETCATALOG_COMPILER_GENERATE_SWIFT_ASSET_SYMBOL_EXTENSIONS = YES;
				CLANG_ANALYZER_NONNULL = YES;
				CLANG_ANALYZER_NUMBER_OBJECT_CONVERSION = YES_AGGRESSIVE;
				CLANG_CXX_LANGUAGE_STANDARD = "gnu++20";
				CLANG_ENABLE_MODULES = YES;
				CLANG_ENABLE_OBJC_ARC = YES;
				CLANG_ENABLE_OBJC_WEAK = YES;
				CLANG_WARN_BLOCK_CAPTURE_AUTORELEASING = YES;
				CLANG_WARN_BOOL_CONVERSION = YES;
				CLANG_WARN_COMMA = YES;
				CLANG_WARN_CONSTANT_CONVERSION = YES;
				CLANG_WARN_DEPRECATED_OBJC_IMPLEMENTATIONS = YES;
				CLANG_WARN_DIRECT_OBJC_ISA_USAGE = YES_ERROR;
				CLANG_WARN_DOCUMENTATION_COMMENTS = YES;
				CLANG_WARN_EMPTY_BODY = YES;
				CLANG_WARN_ENUM_CONVERSION = YES;
				CLANG_WARN_INFINITE_RECURSION = YES;
				CLANG_WARN_INT_CONVERSION = YES;
				CLANG_WARN_NON_LITERAL_NULL_CONVERSION = YES;
				CLANG_WARN_OBJC_IMPLICIT_RETAIN_SELF = YES;
				CLANG_WARN_OBJC_LITERAL_CONVERSION = YES;
				CLANG_WARN_OBJC_ROOT_CLASS = YES_ERROR;
				CLANG_WARN_QUOTED_INCLUDE_IN_FRAMEWORK_HEADER = YES;
				CLANG_WARN_RANGE_LOOP_ANALYSIS = YES;
				CLANG_WARN_STRICT_PROTOTYPES = YES;
				CLANG_WARN_SUSPICIOUS_MOVE = YES;
				CLANG_WARN_UNGUARDED_AVAILABILITY = YES_AGGRESSIVE;
				CLANG_WARN_UNREACHABLE_CODE = YES;
				CLANG_WARN__DUPLICATE_METHOD_MATCH = YES;
				COPY_PHASE_STRIP = NO;
				DEBUG_INFORMATION_FORMAT = "dwarf-with-dsym";
				ENABLE_NS_ASSERTIONS = NO;
				ENABLE_STRICT_OBJC_MSGSEND = YES;
				ENABLE_USER_SCRIPT_SANDBOXING = YES;
				GCC_C_LANGUAGE_STANDARD = gnu17;
				GCC_NO_COMMON_BLOCKS = YES;
				GCC_WARN_64_TO_32_BIT_CONVERSION = YES;
				GCC_WARN_ABOUT_RETURN_TYPE = YES_ERROR;
				GCC_WARN_UNDECLARED_SELECTOR = YES;
				GCC_WARN_UNINITIALIZED_AUTOS = YES_AGGRESSIVE;
				GCC_WARN_UNUSED_FUNCTION = YES;
				GCC_WARN_UNUSED_VARIABLE = YES;
				IPHONEOS_DEPLOYMENT_TARGET = 18.2;
				LOCALIZATION_PREFERS_STRING_CATALOGS = YES;
				MTL_ENABLE_DEBUG_INFO = NO;
				MTL_FAST_MATH = YES;
				SDKROOT = iphoneos;
				SWIFT_COMPILATION_MODE = wholemodule;
				VALIDATE_PRODUCT = YES;
			};
			name = Release;
		};
		72451F1E2D106FA2001E18CF /* Debug */ = {
			isa = XCBuildConfiguration;
			buildSettings = {
				ASSETCATALOG_COMPILER_APPICON_NAME = AppIcon;
				ASSETCATALOG_COMPILER_GLOBAL_ACCENT_COLOR_NAME = AccentColor;
				CODE_SIGN_STYLE = Automatic;
				CURRENT_PROJECT_VERSION = 1;
				DEVELOPMENT_ASSET_PATHS = "\"Sample_my.app/Preview Content\"";
				DEVELOPMENT_TEAM = 49ZF3V6PD9;
				ENABLE_PREVIEWS = YES;
				GENERATE_INFOPLIST_FILE = YES;
				INFOPLIST_KEY_UIApplicationSceneManifest_Generation = YES;
				INFOPLIST_KEY_UIApplicationSupportsIndirectInputEvents = YES;
				INFOPLIST_KEY_UILaunchScreen_Generation = YES;
				INFOPLIST_KEY_UISupportedInterfaceOrientations_iPad = "UIInterfaceOrientationPortrait UIInterfaceOrientationPortraitUpsideDown UIInterfaceOrientationLandscapeLeft UIInterfaceOrientationLandscapeRight";
				INFOPLIST_KEY_UISupportedInterfaceOrientations_iPhone = "UIInterfaceOrientationPortrait UIInterfaceOrientationLandscapeLeft UIInterfaceOrientationLandscapeRight";
				LD_RUNPATH_SEARCH_PATHS = (
					"$(inherited)",
					"@executable_path/Frameworks",
				);
				MARKETING_VERSION = 1.0;
				PRODUCT_BUNDLE_IDENTIFIER = "com.mdigix.Sample-my-app";
				PRODUCT_NAME = "$(TARGET_NAME)";
				SWIFT_EMIT_LOC_STRINGS = YES;
				SWIFT_VERSION = 5.0;
				TARGETED_DEVICE_FAMILY = "1,2";
			};
			name = Debug;
		};
		72451F1F2D106FA2001E18CF /* Release */ = {
			isa = XCBuildConfiguration;
			buildSettings = {
				ASSETCATALOG_COMPILER_APPICON_NAME = AppIcon;
				ASSETCATALOG_COMPILER_GLOBAL_ACCENT_COLOR_NAME = AccentColor;
				CODE_SIGN_STYLE = Automatic;
				CURRENT_PROJECT_VERSION = 1;
				DEVELOPMENT_ASSET_PATHS = "\"Sample_my.app/Preview Content\"";
				DEVELOPMENT_TEAM = 49ZF3V6PD9;
				ENABLE_PREVIEWS = YES;
				GENERATE_INFOPLIST_FILE = YES;
				INFOPLIST_KEY_UIApplicationSceneManifest_Generation = YES;
				INFOPLIST_KEY_UIApplicationSupportsIndirectInputEvents = YES;
				INFOPLIST_KEY_UILaunchScreen_Generation = YES;
				INFOPLIST_KEY_UISupportedInterfaceOrientations_iPad = "UIInterfaceOrientationPortrait UIInterfaceOrientationPortraitUpsideDown UIInterfaceOrientationLandscapeLeft UIInterfaceOrientationLandscapeRight";
				INFOPLIST_KEY_UISupportedInterfaceOrientations_iPhone = "UIInterfaceOrientationPortrait UIInterfaceOrientationLandscapeLeft UIInterfaceOrientationLandscapeRight";
				LD_RUNPATH_SEARCH_PATHS = (
					"$(inherited)",
					"@executable_path/Frameworks",
				);
				MARKETING_VERSION = 1.0;
				PRODUCT_BUNDLE_IDENTIFIER = "com.mdigix.Sample-my-app";
				PRODUCT_NAME = "$(TARGET_NAME)";
				SWIFT_EMIT_LOC_STRINGS = YES;
				SWIFT_VERSION = 5.0;
				TARGETED_DEVICE_FAMILY = "1,2";
			};
			name = Release;
		};
		72451F212D106FA2001E18CF /* Debug */ = {
			isa = XCBuildConfiguration;
			buildSettings = {
				BUNDLE_LOADER = "$(TEST_HOST)";
				CODE_SIGN_STYLE = Automatic;
				CURRENT_PROJECT_VERSION = 1;
				DEVELOPMENT_TEAM = 49ZF3V6PD9;
				GENERATE_INFOPLIST_FILE = YES;
				IPHONEOS_DEPLOYMENT_TARGET = 18.2;
				MARKETING_VERSION = 1.0;
				PRODUCT_BUNDLE_IDENTIFIER = "com.mdigix.Sample-my-appTests";
				PRODUCT_NAME = "$(TARGET_NAME)";
				SWIFT_EMIT_LOC_STRINGS = NO;
				SWIFT_VERSION = 5.0;
				TARGETED_DEVICE_FAMILY = "1,2";
				TEST_HOST = "$(BUILT_PRODUCTS_DIR)/Sample_my.app.app/$(BUNDLE_EXECUTABLE_FOLDER_PATH)/Sample_my.app";
			};
			name = Debug;
		};
		72451F222D106FA2001E18CF /* Release */ = {
			isa = XCBuildConfiguration;
			buildSettings = {
				BUNDLE_LOADER = "$(TEST_HOST)";
				CODE_SIGN_STYLE = Automatic;
				CURRENT_PROJECT_VERSION = 1;
				DEVELOPMENT_TEAM = 49ZF3V6PD9;
				GENERATE_INFOPLIST_FILE = YES;
				IPHONEOS_DEPLOYMENT_TARGET = 18.2;
				MARKETING_VERSION = 1.0;
				PRODUCT_BUNDLE_IDENTIFIER = "com.mdigix.Sample-my-appTests";
				PRODUCT_NAME = "$(TARGET_NAME)";
				SWIFT_EMIT_LOC_STRINGS = NO;
				SWIFT_VERSION = 5.0;
				TARGETED_DEVICE_FAMILY = "1,2";
				TEST_HOST = "$(BUILT_PRODUCTS_DIR)/Sample_my.app.app/$(BUNDLE_EXECUTABLE_FOLDER_PATH)/Sample_my.app";
			};
			name = Release;
		};
		72451F242D106FA2001E18CF /* Debug */ = {
			isa = XCBuildConfiguration;
			buildSettings = {
				CODE_SIGN_STYLE = Automatic;
				CURRENT_PROJECT_VERSION = 1;
				DEVELOPMENT_TEAM = 49ZF3V6PD9;
				GENERATE_INFOPLIST_FILE = YES;
				MARKETING_VERSION = 1.0;
				PRODUCT_BUNDLE_IDENTIFIER = "com.mdigix.Sample-my-appUITests";
				PRODUCT_NAME = "$(TARGET_NAME)";
				SWIFT_EMIT_LOC_STRINGS = NO;
				SWIFT_VERSION = 5.0;
				TARGETED_DEVICE_FAMILY = "1,2";
				TEST_TARGET_NAME = Sample_my.app;
			};
			name = Debug;
		};
		72451F252D106FA2001E18CF /* Release */ = {
			isa = XCBuildConfiguration;
			buildSettings = {
				CODE_SIGN_STYLE = Automatic;
				CURRENT_PROJECT_VERSION = 1;
				DEVELOPMENT_TEAM = 49ZF3V6PD9;
				GENERATE_INFOPLIST_FILE = YES;
				MARKETING_VERSION = 1.0;
				PRODUCT_BUNDLE_IDENTIFIER = "com.mdigix.Sample-my-appUITests";
				PRODUCT_NAME = "$(TARGET_NAME)";
				SWIFT_EMIT_LOC_STRINGS = NO;
				SWIFT_VERSION = 5.0;
				TARGETED_DEVICE_FAMILY = "1,2";
				TEST_TARGET_NAME = Sample_my.app;
			};
			name = Release;
		};
/* End XCBuildConfiguration section */

/* Begin XCConfigurationList section */
		72451EF42D106FA0001E18CF /* Build configuration list for PBXProject "Sample_my.app" */ = {
			isa = XCConfigurationList;
			buildConfigurations = (
				72451F1B2D106FA2001E18CF /* Debug */,
				72451F1C2D106FA2001E18CF /* Release */,
			);
			defaultConfigurationIsVisible = 0;
			defaultConfigurationName = Release;
		};
		72451F1D2D106FA2001E18CF /* Build configuration list for PBXNativeTarget "Sample_my.app" */ = {
			isa = XCConfigurationList;
			buildConfigurations = (
				72451F1E2D106FA2001E18CF /* Debug */,
				72451F1F2D106FA2001E18CF /* Release */,
			);
			defaultConfigurationIsVisible = 0;
			defaultConfigurationName = Release;
		};
		72451F202D106FA2001E18CF /* Build configuration list for PBXNativeTarget "Sample_my.appTests" */ = {
			isa = XCConfigurationList;
			buildConfigurations = (
				72451F212D106FA2001E18CF /* Debug */,
				72451F222D106FA2001E18CF /* Release */,
			);
			defaultConfigurationIsVisible = 0;
			defaultConfigurationName = Release;
		};
		72451F232D106FA2001E18CF /* Build configuration list for PBXNativeTarget "Sample_my.appUITests" */ = {
			isa = XCConfigurationList;
			buildConfigurations = (
				72451F242D106FA2001E18CF /* Debug */,
				72451F252D106FA2001E18CF /* Release */,
			);
			defaultConfigurationIsVisible = 0;
			defaultConfigurationName = Release;
		};
/* End XCConfigurationList section */
	};
	rootObject = 72451EF12D106FA0001E18CF /* Project object */;
}
